
Microsoft Visual Studio Solution File, Format Version 12.00
# Visual Studio 15
Project("{FAE04EC0-301F-11D3-BF4B-00C04F79EFBC}") = "Assembly-CSharp", "Assembly-CSharp.csproj", "{72CF7B1A-5A78-FE6A-1CB5-82D72C18A1CF}"
EndProject
Project("{FAE04EC0-301F-11D3-BF4B-00C04F79EFBC}") = "Assembly-CSharp-Editor", "Assembly-CSharp-Editor.csproj", "{7C86B783-582D-E0CC-E53D-51EFD0BBDDBD}"
EndProject
Global
	GlobalSection(SolutionConfigurationPlatforms) = preSolution
		Debug|Any CPU = Debug|Any CPU
		Release|Any CPU = Release|Any CPU
	EndGlobalSection
	GlobalSection(ProjectConfigurationPlatforms) = postSolution
		{72CF7B1A-5A78-FE6A-1CB5-82D72C18A1CF}.Debug|Any CPU.ActiveCfg = Debug|Any CPU
		{72CF7B1A-5A78-FE6A-1CB5-82D72C18A1CF}.Debug|Any CPU.Build.0 = Debug|Any CPU
		{72CF7B1A-5A78-FE6A-1CB5-82D72C18A1CF}.Release|Any CPU.ActiveCfg = Release|Any CPU
		{72CF7B1A-5A78-FE6A-1CB5-82D72C18A1CF}.Release|Any CPU.Build.0 = Release|Any CPU
		{7C86B783-582D-E0CC-E53D-51EFD0BBDDBD}.Debug|Any CPU.ActiveCfg = Debug|Any CPU
		{7C86B783-582D-E0CC-E53D-51EFD0BBDDBD}.Debug|Any CPU.Build.0 = Debug|Any CPU
		{7C86B783-582D-E0CC-E53D-51EFD0BBDDBD}.Release|Any CPU.ActiveCfg = Release|Any CPU
		{7C86B783-582D-E0CC-E53D-51EFD0BBDDBD}.Release|Any CPU.Build.0 = Release|Any CPU
	EndGlobalSection
	GlobalSection(SolutionProperties) = preSolution
		HideSolutionNode = FALSE
	EndGlobalSection
EndGlobal
